{
  "name": "eg-2",
  "lockfileVersion": 3,
  "requires": true,
  "packages": {
    "": {
      "dependencies": {
        "@reduxjs/toolkit": "^2.6.1",
        "leaflet": "^1.9.4",
        "leaflet.heat": "^0.2.0",
        "react-leaflet": "^5.0.0",
        "react-leaflet-heatmap-layer": "^2.0.0",
        "react-redux": "^9.2.0"
      }
    },
    "node_modules/@react-leaflet/core": {
      "version": "3.0.0",
      "resolved": "https://registry.npmjs.org/@react-leaflet/core/-/core-3.0.0.tgz",
      "integrity": "sha512-3EWmekh4Nz+pGcr+xjf0KNyYfC3U2JjnkWsh0zcqaexYqmmB5ZhH37kz41JXGmKzpaMZCnPofBBm64i+YrEvGQ==",
      "license": "Hippocratic-2.1",
      "peerDependencies": {
        "leaflet": "^1.9.0",
        "react": "^19.0.0",
        "react-dom": "^19.0.0"
      }
    },
    "node_modules/@reduxjs/toolkit": {
      "version": "2.6.1",
      "resolved": "https://registry.npmjs.org/@reduxjs/toolkit/-/toolkit-2.6.1.tgz",
      "integrity": "sha512-SSlIqZNYhqm/oMkXbtofwZSt9lrncblzo6YcZ9zoX+zLngRBrCOjK4lNLdkNucJF58RHOWrD9txT3bT3piH7Zw==",
      "license": "MIT",
      "dependencies": {
        "immer": "^10.0.3",
        "redux": "^5.0.1",
        "redux-thunk": "^3.1.0",
        "reselect": "^5.1.0"
      },
      "peerDependencies": {
        "react": "^16.9.0 || ^17.0.0 || ^18 || ^19",
        "react-redux": "^7.2.1 || ^8.1.3 || ^9.0.0"
      },
      "peerDependenciesMeta": {
        "react": {
          "optional": true
        },
        "react-redux": {
          "optional": true
        }
      }
    },
    "node_modules/@types/use-sync-external-store": {
      "version": "0.0.6",
      "resolved": "https://registry.npmjs.org/@types/use-sync-external-store/-/use-sync-external-store-0.0.6.tgz",
      "integrity": "sha512-zFDAD+tlpf2r4asuHEj0XH6pY6i0g5NeAHPn+15wk3BV6JA69eERFXC1gyGThDkVa1zCyKr5jox1+2LbV/AMLg==",
      "license": "MIT"
    },
    "node_modules/immer": {
      "version": "10.1.1",
      "resolved": "https://registry.npmjs.org/immer/-/immer-10.1.1.tgz",
      "integrity": "sha512-s2MPrmjovJcoMaHtx6K11Ra7oD05NT97w1IC5zpMkT6Atjr7H8LjaDd81iIxUYpMKSRRNMJE703M1Fhr/TctHw==",
      "license": "MIT",
      "funding": {
        "type": "opencollective",
        "url": "https://opencollective.com/immer"
      }
    },
    "node_modules/leaflet": {
      "version": "1.9.4",
      "resolved": "https://registry.npmjs.org/leaflet/-/leaflet-1.9.4.tgz",
      "integrity": "sha512-nxS1ynzJOmOlHp+iL3FyWqK89GtNL8U8rvlMOsQdTTssxZwCXh8N2NB3GDQOL+YR3XnWyZAxwQixURb+FA74PA==",
      "license": "BSD-2-Clause"
    },
    "node_modules/leaflet.heat": {
      "version": "0.2.0",
      "resolved": "https://registry.npmjs.org/leaflet.heat/-/leaflet.heat-0.2.0.tgz",
      "integrity": "sha512-Cd5PbAA/rX3X3XKxfDoUGi9qp78FyhWYurFg3nsfhntcM/MCNK08pRkf4iEenO1KNqwVPKCmkyktjW3UD+h9bQ=="
    },
    "node_modules/lodash._arraymap": {
      "version": "3.0.0",
      "resolved": "https://registry.npmjs.org/lodash._arraymap/-/lodash._arraymap-3.0.0.tgz",
      "integrity": "sha512-IhRssF2bzQoFQ2Q5H1O52HuJY+OtcHDZekEhaMJ6RkUF+gpLlAsizSRsKp3Ho555ANRk69DFp5b4LOlym4S0bw==",
      "license": "MIT"
    },
    "node_modules/lodash._basecallback": {
      "version": "3.3.1",
      "resolved": "https://registry.npmjs.org/lodash._basecallback/-/lodash._basecallback-3.3.1.tgz",
      "integrity": "sha512-LQffghuO63ufDY33KKO1ezGKbcFZK3ngYV7JpxaUomoM5acf0YeXU3Pm8csVE0girVs50TXzfNibl69Co3ggJA==",
      "license": "MIT",
      "dependencies": {
        "lodash._baseisequal": "^3.0.0",
        "lodash._bindcallback": "^3.0.0",
        "lodash.isarray": "^3.0.0",
        "lodash.pairs": "^3.0.0"
      }
    },
    "node_modules/lodash._baseeach": {
      "version": "3.0.4",
      "resolved": "https://registry.npmjs.org/lodash._baseeach/-/lodash._baseeach-3.0.4.tgz",
      "integrity": "sha512-IqUZ9MQo2UT1XPGuBntInqTOlc+oV+bCo0kMp+yuKGsfvRSNgUW0YjWVZUrG/gs+8z/Eyuc0jkJjOBESt9BXxg==",
      "license": "MIT",
      "dependencies": {
        "lodash.keys": "^3.0.0"
      }
    },
    "node_modules/lodash._baseget": {
      "version": "3.7.2",
      "resolved": "https://registry.npmjs.org/lodash._baseget/-/lodash._baseget-3.7.2.tgz",
      "integrity": "sha512-OgVr3AufoSqlh6eHWOLdLzRdn6TU3LlEGQjtsyLr9XRtPoXUywzquM1uYE+qQAno1kB9CvpI1gsvGwiVwPinog==",
      "license": "MIT"
    },
    "node_modules/lodash._baseisequal": {
      "version": "3.0.7",
      "resolved": "https://registry.npmjs.org/lodash._baseisequal/-/lodash._baseisequal-3.0.7.tgz",
      "integrity": "sha512-U+3GsNEZj9ebI03ncLC2pLmYVjgtYZEwdkAPO7UGgtGvAz36JVFPAQUufpSaVL93Cz5arc6JGRKZRhaOhyVJYA==",
      "license": "MIT",
      "dependencies": {
        "lodash.isarray": "^3.0.0",
        "lodash.istypedarray": "^3.0.0",
        "lodash.keys": "^3.0.0"
      }
    },
    "node_modules/lodash._bindcallback": {
      "version": "3.0.1",
      "resolved": "https://registry.npmjs.org/lodash._bindcallback/-/lodash._bindcallback-3.0.1.tgz",
      "integrity": "sha512-2wlI0JRAGX8WEf4Gm1p/mv/SZ+jLijpj0jyaE/AXeuQphzCgD8ZQW4oSpoN8JAopujOFGU3KMuq7qfHBWlGpjQ==",
      "license": "MIT"
    },
    "node_modules/lodash._getnative": {
      "version": "3.9.1",
      "resolved": "https://registry.npmjs.org/lodash._getnative/-/lodash._getnative-3.9.1.tgz",
      "integrity": "sha512-RrL9VxMEPyDMHOd9uFbvMe8X55X16/cGM5IgOKgRElQZutpX89iS6vwl64duTV1/16w5JY7tuFNXqoekmh1EmA==",
      "license": "MIT"
    },
    "node_modules/lodash._topath": {
      "version": "3.8.1",
      "resolved": "https://registry.npmjs.org/lodash._topath/-/lodash._topath-3.8.1.tgz",
      "integrity": "sha512-QsF5c8A+Biv0oxuSCd05JqhXHPCjvFT0nMXVevfMgU1pp5iEHVSin2cKXi3lQe5+px285p7kAHVtOnbNE79syw==",
      "license": "MIT",
      "dependencies": {
        "lodash.isarray": "^3.0.0"
      }
    },
    "node_modules/lodash.filter": {
      "version": "4.6.0",
      "resolved": "https://registry.npmjs.org/lodash.filter/-/lodash.filter-4.6.0.tgz",
      "integrity": "sha512-pXYUy7PR8BCLwX5mgJ/aNtyOvuJTdZAo9EQFUvMIYugqmJxnrYaANvTbgndOzHSCSR0wnlBBfRXJL5SbWxo3FQ==",
      "license": "MIT"
    },
    "node_modules/lodash.foreach": {
      "version": "4.5.0",
      "resolved": "https://registry.npmjs.org/lodash.foreach/-/lodash.foreach-4.5.0.tgz",
      "integrity": "sha512-aEXTF4d+m05rVOAUG3z4vZZ4xVexLKZGF0lIxuHZ1Hplpk/3B6Z1+/ICICYRLm7c41Z2xiejbkCkJoTlypoXhQ==",
      "license": "MIT"
    },
    "node_modules/lodash.isarguments": {
      "version": "3.1.0",
      "resolved": "https://registry.npmjs.org/lodash.isarguments/-/lodash.isarguments-3.1.0.tgz",
      "integrity": "sha512-chi4NHZlZqZD18a0imDHnZPrDeBbTtVN7GXMwuGdRH9qotxAjYs3aVLKc7zNOG9eddR5Ksd8rvFEBc9SsggPpg==",
      "license": "MIT"
    },
    "node_modules/lodash.isarray": {
      "version": "3.0.4",
      "resolved": "https://registry.npmjs.org/lodash.isarray/-/lodash.isarray-3.0.4.tgz",
      "integrity": "sha512-JwObCrNJuT0Nnbuecmqr5DgtuBppuCvGD9lxjFpAzwnVtdGoDQ1zig+5W8k5/6Gcn0gZ3936HDAlGd28i7sOGQ==",
      "license": "MIT"
    },
    "node_modules/lodash.isnumber": {
      "version": "3.0.3",
      "resolved": "https://registry.npmjs.org/lodash.isnumber/-/lodash.isnumber-3.0.3.tgz",
      "integrity": "sha512-QYqzpfwO3/CWf3XP+Z+tkQsfaLL/EnUlXWVkIk5FUPc4sBdTehEqZONuyRt2P67PXAk+NXmTBcc97zw9t1FQrw==",
      "license": "MIT"
    },
    "node_modules/lodash.istypedarray": {
      "version": "3.0.6",
      "resolved": "https://registry.npmjs.org/lodash.istypedarray/-/lodash.istypedarray-3.0.6.tgz",
      "integrity": "sha512-lGWJ6N8AA3KSv+ZZxlTdn4f6A7kMfpJboeyvbFdE7IU9YAgweODqmOgdUHOA+c6lVWeVLysdaxciFXi+foVsWw==",
      "license": "MIT"
    },
    "node_modules/lodash.keys": {
      "version": "3.1.2",
      "resolved": "https://registry.npmjs.org/lodash.keys/-/lodash.keys-3.1.2.tgz",
      "integrity": "sha512-CuBsapFjcubOGMn3VD+24HOAPxM79tH+V6ivJL3CHYjtrawauDJHUk//Yew9Hvc6e9rbCrURGk8z6PC+8WJBfQ==",
      "license": "MIT",
      "dependencies": {
        "lodash._getnative": "^3.0.0",
        "lodash.isarguments": "^3.0.0",
        "lodash.isarray": "^3.0.0"
      }
    },
    "node_modules/lodash.map": {
      "version": "4.6.0",
      "resolved": "https://registry.npmjs.org/lodash.map/-/lodash.map-4.6.0.tgz",
      "integrity": "sha512-worNHGKLDetmcEYDvh2stPCrrQRkP20E4l0iIS7F8EvzMqBBi7ltvFN5m1HvTf1P7Jk1txKhvFcmYsCr8O2F1Q==",
      "license": "MIT"
    },
    "node_modules/lodash.max": {
      "version": "4.0.1",
      "resolved": "https://registry.npmjs.org/lodash.max/-/lodash.max-4.0.1.tgz",
      "integrity": "sha512-iykTDTb7PK33HSQmKy34zv+hh4WEu7WonJPXQcgODzUbbtradtNs8RsD/GI7XV++60KaKR1xhW56N4ISqHesfQ==",
      "license": "MIT"
    },
    "node_modules/lodash.min": {
      "version": "4.0.1",
      "resolved": "https://registry.npmjs.org/lodash.min/-/lodash.min-4.0.1.tgz",
      "integrity": "sha512-evqGbKKpUlPcSIMoPamfAEL2byHsyzQjgj67Mw3sInyNO3Q3vytHKkoXbWOgOONY1Mmj6vPHlL9JDJFTZ0DTUA==",
      "license": "MIT"
    },
    "node_modules/lodash.pairs": {
      "version": "3.0.1",
      "resolved": "https://registry.npmjs.org/lodash.pairs/-/lodash.pairs-3.0.1.tgz",
      "integrity": "sha512-lgXvpU43ZNQrZ/pK2cR97YzKeAno3e3HhcyvLKsofljeHKrQcZhT1vW7fg4X61c92tM+mjD/DypoLZYuAKNIkQ==",
      "license": "MIT",
      "dependencies": {
        "lodash.keys": "^3.0.0"
      }
    },
    "node_modules/lodash.pluck": {
      "version": "3.1.2",
      "resolved": "https://registry.npmjs.org/lodash.pluck/-/lodash.pluck-3.1.2.tgz",
      "integrity": "sha512-L0UkqH/O3Vh+3KowchOe2+YzWMGdR90CbzpzTXGMujZAVfBmjGSvaJwpflJa4C/WNhNvLrlCtMjo6/Uvhty67g==",
      "license": "MIT",
      "dependencies": {
        "lodash._baseget": "^3.0.0",
        "lodash._topath": "^3.0.0",
        "lodash.isarray": "^3.0.0",
        "lodash.map": "^3.0.0"
      }
    },
    "node_modules/lodash.pluck/node_modules/lodash.map": {
      "version": "3.1.4",
      "resolved": "https://registry.npmjs.org/lodash.map/-/lodash.map-3.1.4.tgz",
      "integrity": "sha512-v7djb/pW+RLcvsmQlHAjZN+zyKyiXgSEdq7V3kVmoT1aCa1bBWy4RbnJRN1SAvNGvkRVfqj66V01wiq+C3b6Cg==",
      "license": "MIT",
      "dependencies": {
        "lodash._arraymap": "^3.0.0",
        "lodash._basecallback": "^3.0.0",
        "lodash._baseeach": "^3.0.0",
        "lodash.isarray": "^3.0.0",
        "lodash.keys": "^3.0.0"
      }
    },
    "node_modules/lodash.reduce": {
      "version": "4.6.0",
      "resolved": "https://registry.npmjs.org/lodash.reduce/-/lodash.reduce-4.6.0.tgz",
      "integrity": "sha512-6raRe2vxCYBhpBu+B+TtNGUzah+hQjVdu3E17wfusjyrXBka2nBS8OH/gjVZ5PvHOhWmIZTYri09Z6n/QfnNMw==",
      "license": "MIT"
    },
    "node_modules/react": {
      "version": "19.1.0",
      "resolved": "https://registry.npmjs.org/react/-/react-19.1.0.tgz",
      "integrity": "sha512-FS+XFBNvn3GTAWq26joslQgWNoFu08F4kl0J4CgdNKADkdSGXQyTCnKteIAJy96Br6YbpEU1LSzV5dYtjMkMDg==",
      "license": "MIT",
      "peer": true,
      "engines": {
        "node": ">=0.10.0"
      }
    },
    "node_modules/react-dom": {
      "version": "19.1.0",
      "resolved": "https://registry.npmjs.org/react-dom/-/react-dom-19.1.0.tgz",
      "integrity": "sha512-Xs1hdnE+DyKgeHJeJznQmYMIBG3TKIHJJT95Q58nHLSrElKlGQqDTR2HQ9fx5CN/Gk6Vh/kupBTDLU11/nDk/g==",
      "license": "MIT",
      "peer": true,
      "dependencies": {
        "scheduler": "^0.26.0"
      },
      "peerDependencies": {
        "react": "^19.1.0"
      }
    },
    "node_modules/react-leaflet": {
      "version": "5.0.0",
      "resolved": "https://registry.npmjs.org/react-leaflet/-/react-leaflet-5.0.0.tgz",
      "integrity": "sha512-CWbTpr5vcHw5bt9i4zSlPEVQdTVcML390TjeDG0cK59z1ylexpqC6M1PJFjV8jD7CF+ACBFsLIDs6DRMoLEofw==",
      "license": "Hippocratic-2.1",
      "dependencies": {
        "@react-leaflet/core": "^3.0.0"
      },
      "peerDependencies": {
        "leaflet": "^1.9.0",
        "react": "^19.0.0",
        "react-dom": "^19.0.0"
      }
    },
    "node_modules/react-leaflet-heatmap-layer": {
      "version": "2.0.0",
      "resolved": "https://registry.npmjs.org/react-leaflet-heatmap-layer/-/react-leaflet-heatmap-layer-2.0.0.tgz",
      "integrity": "sha512-mgzXLPASseUtHpzK9P34cOiJeC3C/rL1/3Pcmc67HFEhutCr7EumUtlbBaPToEdlRjrTqIo4N6ANdLm9keVnYQ==",
      "license": "MIT",
      "dependencies": {
        "lodash.filter": "^4.3.0",
        "lodash.foreach": "^4.2.0",
        "lodash.isnumber": "^3.0.3",
        "lodash.map": "^4.3.0",
        "lodash.max": "^4.0.0",
        "lodash.min": "^4.0.0",
        "lodash.pluck": "^3.1.2",
        "lodash.reduce": "^4.3.0",
        "simpleheat": "^0.4.0"
      },
      "peerDependencies": {
        "leaflet": "^1.0.0",
        "react": "^15.4.1 || ^16.0.0",
        "react-leaflet": "^2.0.0"
      }
    },
    "node_modules/react-redux": {
      "version": "9.2.0",
      "resolved": "https://registry.npmjs.org/react-redux/-/react-redux-9.2.0.tgz",
      "integrity": "sha512-ROY9fvHhwOD9ySfrF0wmvu//bKCQ6AeZZq1nJNtbDC+kk5DuSuNX/n6YWYF/SYy7bSba4D4FSz8DJeKY/S/r+g==",
      "license": "MIT",
      "dependencies": {
        "@types/use-sync-external-store": "^0.0.6",
        "use-sync-external-store": "^1.4.0"
      },
      "peerDependencies": {
        "@types/react": "^18.2.25 || ^19",
        "react": "^18.0 || ^19",
        "redux": "^5.0.0"
      },
      "peerDependenciesMeta": {
        "@types/react": {
          "optional": true
        },
        "redux": {
          "optional": true
        }
      }
    },
    "node_modules/redux": {
      "version": "5.0.1",
      "resolved": "https://registry.npmjs.org/redux/-/redux-5.0.1.tgz",
      "integrity": "sha512-M9/ELqF6fy8FwmkpnF0S3YKOqMyoWJ4+CS5Efg2ct3oY9daQvd/Pc71FpGZsVsbl3Cpb+IIcjBDUnnyBdQbq4w==",
      "license": "MIT"
    },
    "node_modules/redux-thunk": {
      "version": "3.1.0",
      "resolved": "https://registry.npmjs.org/redux-thunk/-/redux-thunk-3.1.0.tgz",
      "integrity": "sha512-NW2r5T6ksUKXCabzhL9z+h206HQw/NJkcLm1GPImRQ8IzfXwRGqjVhKJGauHirT0DAuyy6hjdnMZaRoAcy0Klw==",
      "license": "MIT",
      "peerDependencies": {
        "redux": "^5.0.0"
      }
    },
    "node_modules/reselect": {
      "version": "5.1.1",
      "resolved": "https://registry.npmjs.org/reselect/-/reselect-5.1.1.tgz",
      "integrity": "sha512-K/BG6eIky/SBpzfHZv/dd+9JBFiS4SWV7FIujVyJRux6e45+73RaUHXLmIR1f7WOMaQ0U1km6qwklRQxpJJY0w==",
      "license": "MIT"
    },
    "node_modules/scheduler": {
      "version": "0.26.0",
      "resolved": "https://registry.npmjs.org/scheduler/-/scheduler-0.26.0.tgz",
      "integrity": "sha512-NlHwttCI/l5gCPR3D1nNXtWABUmBwvZpEQiD4IXSbIDq8BzLIK/7Ir5gTFSGZDUu37K5cMNp0hFtzO38sC7gWA==",
      "license": "MIT",
      "peer": true
    },
    "node_modules/simpleheat": {
      "version": "0.4.0",
      "resolved": "https://registry.npmjs.org/simpleheat/-/simpleheat-0.4.0.tgz",
      "integrity": "sha512-tdg3I1NvzMdPKscWBrHbF0LBf+VWuBBazzGUPtFJjG5Q12VQX6gPY8jLy9hx5CbgAIVc5nfnePwJvAYK6z1rAA==",
      "license": "BSD-2-Clause"
    },
    "node_modules/use-sync-external-store": {
      "version": "1.5.0",
      "resolved": "https://registry.npmjs.org/use-sync-external-store/-/use-sync-external-store-1.5.0.tgz",
      "integrity": "sha512-Rb46I4cGGVBmjamjphe8L/UnvJD+uPPtTkNvX5mZgqdbavhI4EbgIWJiIHXJ8bc/i9EQGPRh4DwEURJ552Do0A==",
      "license": "MIT",
      "peerDependencies": {
        "react": "^16.8.0 || ^17.0.0 || ^18.0.0 || ^19.0.0"
      }
    }
  }
}
